
Microsoft Visual Studio Solution File, Format Version 12.00
# Visual Studio 15
VisualStudioVersion = 15.0.28307.1758
MinimumVisualStudioVersion = 10.0.40219.1
Project("{FAE04EC0-301F-11D3-BF4B-00C04F79EFBC}") = "MvcStok", "MvcStok\MvcStok.csproj", "{06079D36-CDC0-4E30-BCA4-838585EFD52D}"
EndProject
Global
	GlobalSection(SolutionConfigurationPlatforms) = preSolution
		Debug|Any CPU = Debug|Any CPU
		Release|Any CPU = Release|Any CPU
	EndGlobalSection
	GlobalSection(ProjectConfigurationPlatforms) = postSolution
		{06079D36-CDC0-4E30-BCA4-838585EFD52D}.Debug|Any CPU.ActiveCfg = Debug|Any CPU
		{06079D36-CDC0-4E30-BCA4-838585EFD52D}.Debug|Any CPU.Build.0 = Debug|Any CPU
		{06079D36-CDC0-4E30-BCA4-838585EFD52D}.Release|Any CPU.ActiveCfg = Release|Any CPU
		{06079D36-CDC0-4E30-BCA4-838585EFD52D}.Release|Any CPU.Build.0 = Release|Any CPU
	EndGlobalSection
	GlobalSection(SolutionProperties) = preSolution
		HideSolutionNode = FALSE
	EndGlobalSection
	GlobalSection(ExtensibilityGlobals) = postSolution
		SolutionGuid = {6D2971F3-3913-48A0-AB99-DD43FA665378}
	EndGlobalSection
EndGlobal
